lockfileVersion: 5.3

specifiers:
  '@phamleduy04/erela.js': latest
  '@types/node': ^17.0.23
  petitio: ^1.4.0
  typescript: ^4.6.3

dependencies:
  '@phamleduy04/erela.js': 2.3.16
  petitio: 1.4.0

devDependencies:
  '@types/node': 17.0.23
  typescript: 4.6.3

packages:

  /@discordjs/collection/0.5.0:
    resolution: {integrity: sha512-3Vr3y4/Kl6ThOsD/cbXkK4JmjawQahbM3ojHpD6XyTEOG4fwZFMYH/NTWKFd5WZUw38iQsvGC4Kt4VkL++1hFQ==}
    engines: {node: '>=16.9.0'}
    dev: false

  /@phamleduy04/erela.js/2.3.16:
    resolution: {integrity: sha512-+E9e24H4ZYWrtmbQkMtD5P7zQGIXzfO+ytj6EMqi5HvbOZBzmpalo+vkFyEjsC2M1ZJKLsfUE/J+aCGiLMc9GQ==}
    engines: {node: '>=16.0.0'}
    dependencies:
      '@discordjs/collection': 0.5.0
      undici: 5.0.0
      ws: 8.5.0
    transitivePeerDependencies:
      - bufferutil
      - utf-8-validate
    dev: false

  /@types/node/17.0.23:
    resolution: {integrity: sha512-UxDxWn7dl97rKVeVS61vErvw086aCYhDLyvRQZ5Rk65rZKepaFdm53GeqXaKBuOhED4e9uWq34IC3TdSdJJ2Gw==}
    dev: true

  /petitio/1.4.0:
    resolution: {integrity: sha512-9LaVd/5BLmbNU8Q4Ax8NezihiPt2ISNqi2vKilEchSSf+YSOXxfsLUb0SUmDskm1WkBOVTsqdyuyYI0RYKqr0Q==}
    engines: {node: '>=12.3.0'}
    dev: false

  /typescript/4.6.3:
    resolution: {integrity: sha512-yNIatDa5iaofVozS/uQJEl3JRWLKKGJKh6Yaiv0GLGSuhpFJe7P3SbHZ8/yjAHRQwKRoA6YZqlfjXWmVzoVSMw==}
    engines: {node: '>=4.2.0'}
    hasBin: true
    dev: true

  /undici/5.0.0:
    resolution: {integrity: sha512-VhUpiZ3No1DOPPQVQnsDZyfcbTTcHdcgWej1PdFnSvOeJmOVDgiOHkunJmBLfmjt4CqgPQddPVjSWW0dsTs5Yg==}
    engines: {node: '>=12.18'}
    dev: false

  /ws/8.5.0:
    resolution: {integrity: sha512-BWX0SWVgLPzYwF8lTzEy1egjhS4S4OEAHfsO8o65WOVsrnSRGaSiUaa9e0ggGlkMTtBlmOpEXiie9RUcBO86qg==}
    engines: {node: '>=10.0.0'}
    peerDependencies:
      bufferutil: ^4.0.1
      utf-8-validate: ^5.0.2
    peerDependenciesMeta:
      bufferutil:
        optional: true
      utf-8-validate:
        optional: true
    dev: false
